{
  "nodes": {
    "flake-compat": {
      "flake": false,
      "locked": {
        "lastModified": 1733328505,
        "narHash": "sha256-NeCCThCEP3eCl2l/+27kNNK7QrwZB1IJCrXfrbv5oqU=",
        "owner": "edolstra",
        "repo": "flake-compat",
        "rev": "ff81ac966bb2cae68946d5ed5fc4994f96d0ffec",
        "type": "github"
      },
      "original": {
        "owner": "edolstra",
        "repo": "flake-compat",
        "type": "github"
      }
    },
    "home-manager": {
      "inputs": {
        "nixpkgs": [
          "nixpkgs"
        ]
      },
      "locked": {
        "lastModified": 1744223888,
        "narHash": "sha256-reYpe0J1J+wH34JFs7KKp0G5nP7+XSQ5z0ZLFJcfJr8=",
        "owner": "nix-community",
        "repo": "home-manager",
        "rev": "79461936709b12e17adb9c91dd02d1c66d577f09",
        "type": "github"
      },
      "original": {
        "owner": "nix-community",
        "repo": "home-manager",
        "type": "github"
      }
    },
    "nixos-wsl": {
      "inputs": {
        "flake-compat": "flake-compat",
        "nixpkgs": [
          "nixpkgs"
        ]
      },
      "locked": {
        "lastModified": 1743125458,
        "narHash": "sha256-0z+5AMacL2Eqo92fAd0eCWeKVecWrxPJwd5/BIfcdJ8=",
        "owner": "nix-community",
        "repo": "NixOS-WSL",
        "rev": "394c77f61ac76399290bfc2ef9d47b1fba31b215",
        "type": "github"
      },
      "original": {
        "owner": "nix-community",
        "repo": "NixOS-WSL",
        "type": "github"
      }
    },
    "nixpkgs": {
      "locked": {
        "lastModified": 1744098102,
        "narHash": "sha256-tzCdyIJj9AjysC3OuKA+tMD/kDEDAF9mICPDU7ix0JA=",
        "owner": "NixOS",
        "repo": "nixpkgs",
        "rev": "c8cd81426f45942bb2906d5ed2fe21d2f19d95b7",
        "type": "github"
      },
      "original": {
        "owner": "NixOS",
        "ref": "nixos-unstable",
        "repo": "nixpkgs",
        "type": "github"
      }
    },
    "root": {
      "inputs": {
        "home-manager": "home-manager",
        "nixos-wsl": "nixos-wsl",
        "nixpkgs": "nixpkgs",
        "secrets": "secrets"
      }
    },
    "secrets": {
      "locked": {
        "lastModified": 1630400035,
        "narHash": "sha256-MWaVOCzuFwp09wZIW9iHq5wWen5C69I940N1swZLEQ0=",
        "owner": "input-output-hk",
        "repo": "empty-flake",
        "rev": "2040a05b67bf9a669ce17eca56beb14b4206a99a",
        "type": "github"
      },
      "original": {
        "owner": "input-output-hk",
        "repo": "empty-flake",
        "type": "github"
      }
    }
  },
  "root": "root",
  "version": 7
}
